
Microsoft Visual Studio Solution File, Format Version 12.00
# Visual Studio Version 17
VisualStudioVersion = 17.5.002.0
MinimumVisualStudioVersion = 10.0.40219.1
Project("{9A19103F-16F7-4668-BE54-9A1E7A4F7556}") = "StoreApp", "StoreApp.csproj", "{DC8A2B20-B3BD-442F-8BEC-80AE8B1D5458}"
EndProject
Global
	GlobalSection(SolutionConfigurationPlatforms) = preSolution
		Debug|Any CPU = Debug|Any CPU
		Release|Any CPU = Release|Any CPU
	EndGlobalSection
	GlobalSection(ProjectConfigurationPlatforms) = postSolution
		{DC8A2B20-B3BD-442F-8BEC-80AE8B1D5458}.Debug|Any CPU.ActiveCfg = Debug|Any CPU
		{DC8A2B20-B3BD-442F-8BEC-80AE8B1D5458}.Debug|Any CPU.Build.0 = Debug|Any CPU
		{DC8A2B20-B3BD-442F-8BEC-80AE8B1D5458}.Release|Any CPU.ActiveCfg = Release|Any CPU
		{DC8A2B20-B3BD-442F-8BEC-80AE8B1D5458}.Release|Any CPU.Build.0 = Release|Any CPU
	EndGlobalSection
	GlobalSection(SolutionProperties) = preSolution
		HideSolutionNode = FALSE
	EndGlobalSection
	GlobalSection(ExtensibilityGlobals) = postSolution
		SolutionGuid = {671E1653-6463-4414-891A-CF3306D17183}
	EndGlobalSection
EndGlobal
